// !$*UTF8*$!
{
	archiveVersion = 1;
	classes = {
	};
	objectVersion = 55;
	objects = {

/* Begin PBXBuildFile section */
		752030C727B563C000540462 /* AppDelegate.swift in Sources */ = {isa = PBXBuildFile; fileRef = 752030C627B563C000540462 /* AppDelegate.swift */; };
		752030CB27B563C000540462 /* CriptosViewController.swift in Sources */ = {isa = PBXBuildFile; fileRef = 752030CA27B563C000540462 /* CriptosViewController.swift */; };
		752030D027B563C000540462 /* Assets.xcassets in Resources */ = {isa = PBXBuildFile; fileRef = 752030CF27B563C000540462 /* Assets.xcassets */; };
		752030D327B563C000540462 /* LaunchScreen.storyboard in Resources */ = {isa = PBXBuildFile; fileRef = 752030D127B563C000540462 /* LaunchScreen.storyboard */; };
		752030DE27B563C000540462 /* KriptoNiteTests.swift in Sources */ = {isa = PBXBuildFile; fileRef = 752030DD27B563C000540462 /* KriptoNiteTests.swift */; };
		752030F827B563E900540462 /* Masterdata.json in Resources */ = {isa = PBXBuildFile; fileRef = 752030F727B563E900540462 /* Masterdata.json */; };
		752030FB27B5664500540462 /* FileLoader.swift in Sources */ = {isa = PBXBuildFile; fileRef = 752030FA27B5664500540462 /* FileLoader.swift */; };
		752030FE27B5683E00540462 /* CriptosDataViewModel.swift in Sources */ = {isa = PBXBuildFile; fileRef = 752030FD27B5683E00540462 /* CriptosDataViewModel.swift */; };
		7520310127B569BB00540462 /* MasterDataModel.swift in Sources */ = {isa = PBXBuildFile; fileRef = 7520310027B569BB00540462 /* MasterDataModel.swift */; };
		7520310327B5773400540462 /* MainDataModel.swift in Sources */ = {isa = PBXBuildFile; fileRef = 7520310227B5773400540462 /* MainDataModel.swift */; };
		7520310527B5788000540462 /* CriptoAttributesModel.swift in Sources */ = {isa = PBXBuildFile; fileRef = 7520310427B5788000540462 /* CriptoAttributesModel.swift */; };
		7520310727B5791D00540462 /* CriptoModel.swift in Sources */ = {isa = PBXBuildFile; fileRef = 7520310627B5791D00540462 /* CriptoModel.swift */; };
		7520310B27B57B4A00540462 /* AttributesModel.swift in Sources */ = {isa = PBXBuildFile; fileRef = 7520310A27B57B4A00540462 /* AttributesModel.swift */; };
		7520311127B5820600540462 /* WalletModel.swift in Sources */ = {isa = PBXBuildFile; fileRef = 7520311027B5820600540462 /* WalletModel.swift */; };
		7520311327B5822B00540462 /* WalletAttributesModel.swift in Sources */ = {isa = PBXBuildFile; fileRef = 7520311227B5822B00540462 /* WalletAttributesModel.swift */; };
		7520311527B5832400540462 /* FiatWalletAttributesModel.swift in Sources */ = {isa = PBXBuildFile; fileRef = 7520311427B5832400540462 /* FiatWalletAttributesModel.swift */; };
		7520311727B5835900540462 /* FiatWalletModel.swift in Sources */ = {isa = PBXBuildFile; fileRef = 7520311627B5835900540462 /* FiatWalletModel.swift */; };
		7520311D27B5A59300540462 /* CriptosViewProtocol.swift in Sources */ = {isa = PBXBuildFile; fileRef = 7520311C27B5A59300540462 /* CriptosViewProtocol.swift */; };
		7520311F27B5A5D500540462 /* CriptosViewModelProtocol.swift in Sources */ = {isa = PBXBuildFile; fileRef = 7520311E27B5A5D500540462 /* CriptosViewModelProtocol.swift */; };
		7520312427B5B17500540462 /* CriptosViewControllerTests.swift in Sources */ = {isa = PBXBuildFile; fileRef = 7520312327B5B17500540462 /* CriptosViewControllerTests.swift */; };
		7520312627B5B8D800540462 /* CriptoTableViewCell.swift in Sources */ = {isa = PBXBuildFile; fileRef = 7520312527B5B8D800540462 /* CriptoTableViewCell.swift */; };
		7520312F27B5C17B00540462 /* SDWebImageSVGCoder in Frameworks */ = {isa = PBXBuildFile; productRef = 7520312E27B5C17B00540462 /* SDWebImageSVGCoder */; };
		7520313327B5CBF600540462 /* String+Extensions.swift in Sources */ = {isa = PBXBuildFile; fileRef = 7520313227B5CBF600540462 /* String+Extensions.swift */; };
		7567C23327B8137C00531E93 /* WalletsViewModelProtocol.swift in Sources */ = {isa = PBXBuildFile; fileRef = 7567C23227B8137C00531E93 /* WalletsViewModelProtocol.swift */; };
		75D626EC27B81BEB009EF614 /* WalletsDataViewModel.swift in Sources */ = {isa = PBXBuildFile; fileRef = 75D626EB27B81BEB009EF614 /* WalletsDataViewModel.swift */; };
		75D626EE27B81CC6009EF614 /* DataFetcher.swift in Sources */ = {isa = PBXBuildFile; fileRef = 75D626ED27B81CC6009EF614 /* DataFetcher.swift */; };
		75D626F027B81E15009EF614 /* WalletsTests.swift in Sources */ = {isa = PBXBuildFile; fileRef = 75D626EF27B81E15009EF614 /* WalletsTests.swift */; };
		75D626F227B848D9009EF614 /* KryptoView.swift in Sources */ = {isa = PBXBuildFile; fileRef = 75D626F127B848D9009EF614 /* KryptoView.swift */; };
		75D626F427B854F5009EF614 /* WalletsTableViewCell.swift in Sources */ = {isa = PBXBuildFile; fileRef = 75D626F327B854F5009EF614 /* WalletsTableViewCell.swift */; };
		75D626F727B857B4009EF614 /* Coordinator.swift in Sources */ = {isa = PBXBuildFile; fileRef = 75D626F627B857B4009EF614 /* Coordinator.swift */; };
		75D626F927B857D2009EF614 /* WalletsCoordinator.swift in Sources */ = {isa = PBXBuildFile; fileRef = 75D626F827B857D2009EF614 /* WalletsCoordinator.swift */; };
		75D626FE27B85D4B009EF614 /* HomeViewController.swift in Sources */ = {isa = PBXBuildFile; fileRef = 75D626FD27B85D4B009EF614 /* HomeViewController.swift */; };
		75D6270027B92F31009EF614 /* WalletDetailsViewController.swift in Sources */ = {isa = PBXBuildFile; fileRef = 75D626FF27B92F31009EF614 /* WalletDetailsViewController.swift */; };
		75D6270227B93710009EF614 /* CommonWalletCollectionViewCell.swift in Sources */ = {isa = PBXBuildFile; fileRef = 75D6270127B93710009EF614 /* CommonWalletCollectionViewCell.swift */; };
		75D6270427B9398A009EF614 /* CommonWalletModel.swift in Sources */ = {isa = PBXBuildFile; fileRef = 75D6270327B9398A009EF614 /* CommonWalletModel.swift */; };
		75D6270627B964E8009EF614 /* FiatWallerCollectionViewCell.swift in Sources */ = {isa = PBXBuildFile; fileRef = 75D6270527B964E8009EF614 /* FiatWallerCollectionViewCell.swift */; };
		75EC7C0827B6D702003D2DFA /* WalletViewController.swift in Sources */ = {isa = PBXBuildFile; fileRef = 75EC7C0727B6D702003D2DFA /* WalletViewController.swift */; };
/* End PBXBuildFile section */

/* Begin PBXContainerItemProxy section */
		752030DA27B563C000540462 /* PBXContainerItemProxy */ = {
			isa = PBXContainerItemProxy;
			containerPortal = 752030BB27B563BF00540462 /* Project object */;
			proxyType = 1;
			remoteGlobalIDString = 752030C227B563BF00540462;
			remoteInfo = KriptoNite;
		};
/* End PBXContainerItemProxy section */

/* Begin PBXFileReference section */
		752030C327B563BF00540462 /* KriptoNite.app */ = {isa = PBXFileReference; explicitFileType = wrapper.application; includeInIndex = 0; path = KriptoNite.app; sourceTree = BUILT_PRODUCTS_DIR; };
		752030C627B563C000540462 /* AppDelegate.swift */ = {isa = PBXFileReference; lastKnownFileType = sourcecode.swift; path = AppDelegate.swift; sourceTree = "<group>"; };
		752030CA27B563C000540462 /* CriptosViewController.swift */ = {isa = PBXFileReference; lastKnownFileType = sourcecode.swift; path = CriptosViewController.swift; sourceTree = "<group>"; };
		752030CF27B563C000540462 /* Assets.xcassets */ = {isa = PBXFileReference; lastKnownFileType = folder.assetcatalog; path = Assets.xcassets; sourceTree = "<group>"; };
		752030D227B563C000540462 /* Base */ = {isa = PBXFileReference; lastKnownFileType = file.storyboard; name = Base; path = Base.lproj/LaunchScreen.storyboard; sourceTree = "<group>"; };
		752030D927B563C000540462 /* KriptoNiteTests.xctest */ = {isa = PBXFileReference; explicitFileType = wrapper.cfbundle; includeInIndex = 0; path = KriptoNiteTests.xctest; sourceTree = BUILT_PRODUCTS_DIR; };
		752030DD27B563C000540462 /* KriptoNiteTests.swift */ = {isa = PBXFileReference; lastKnownFileType = sourcecode.swift; path = KriptoNiteTests.swift; sourceTree = "<group>"; };
		752030F727B563E900540462 /* Masterdata.json */ = {isa = PBXFileReference; fileEncoding = 4; lastKnownFileType = text.json; path = Masterdata.json; sourceTree = "<group>"; };
		752030FA27B5664500540462 /* FileLoader.swift */ = {isa = PBXFileReference; lastKnownFileType = sourcecode.swift; path = FileLoader.swift; sourceTree = "<group>"; };
		752030FD27B5683E00540462 /* CriptosDataViewModel.swift */ = {isa = PBXFileReference; lastKnownFileType = sourcecode.swift; path = CriptosDataViewModel.swift; sourceTree = "<group>"; };
		7520310027B569BB00540462 /* MasterDataModel.swift */ = {isa = PBXFileReference; lastKnownFileType = sourcecode.swift; path = MasterDataModel.swift; sourceTree = "<group>"; };
		7520310227B5773400540462 /* MainDataModel.swift */ = {isa = PBXFileReference; lastKnownFileType = sourcecode.swift; path = MainDataModel.swift; sourceTree = "<group>"; };
		7520310427B5788000540462 /* CriptoAttributesModel.swift */ = {isa = PBXFileReference; lastKnownFileType = sourcecode.swift; path = CriptoAttributesModel.swift; sourceTree = "<group>"; };
		7520310627B5791D00540462 /* CriptoModel.swift */ = {isa = PBXFileReference; lastKnownFileType = sourcecode.swift; path = CriptoModel.swift; sourceTree = "<group>"; };
		7520310A27B57B4A00540462 /* AttributesModel.swift */ = {isa = PBXFileReference; lastKnownFileType = sourcecode.swift; path = AttributesModel.swift; sourceTree = "<group>"; };
		7520311027B5820600540462 /* WalletModel.swift */ = {isa = PBXFileReference; lastKnownFileType = sourcecode.swift; path = WalletModel.swift; sourceTree = "<group>"; };
		7520311227B5822B00540462 /* WalletAttributesModel.swift */ = {isa = PBXFileReference; lastKnownFileType = sourcecode.swift; path = WalletAttributesModel.swift; sourceTree = "<group>"; };
		7520311427B5832400540462 /* FiatWalletAttributesModel.swift */ = {isa = PBXFileReference; lastKnownFileType = sourcecode.swift; path = FiatWalletAttributesModel.swift; sourceTree = "<group>"; };
		7520311627B5835900540462 /* FiatWalletModel.swift */ = {isa = PBXFileReference; lastKnownFileType = sourcecode.swift; path = FiatWalletModel.swift; sourceTree = "<group>"; };
		7520311C27B5A59300540462 /* CriptosViewProtocol.swift */ = {isa = PBXFileReference; lastKnownFileType = sourcecode.swift; path = CriptosViewProtocol.swift; sourceTree = "<group>"; };
		7520311E27B5A5D500540462 /* CriptosViewModelProtocol.swift */ = {isa = PBXFileReference; lastKnownFileType = sourcecode.swift; path = CriptosViewModelProtocol.swift; sourceTree = "<group>"; };
		7520312327B5B17500540462 /* CriptosViewControllerTests.swift */ = {isa = PBXFileReference; lastKnownFileType = sourcecode.swift; path = CriptosViewControllerTests.swift; sourceTree = "<group>"; };
		7520312527B5B8D800540462 /* CriptoTableViewCell.swift */ = {isa = PBXFileReference; lastKnownFileType = sourcecode.swift; path = CriptoTableViewCell.swift; sourceTree = "<group>"; };
		7520313227B5CBF600540462 /* String+Extensions.swift */ = {isa = PBXFileReference; lastKnownFileType = sourcecode.swift; path = "String+Extensions.swift"; sourceTree = "<group>"; };
		7567C23227B8137C00531E93 /* WalletsViewModelProtocol.swift */ = {isa = PBXFileReference; lastKnownFileType = sourcecode.swift; path = WalletsViewModelProtocol.swift; sourceTree = "<group>"; };
		75D626EB27B81BEB009EF614 /* WalletsDataViewModel.swift */ = {isa = PBXFileReference; lastKnownFileType = sourcecode.swift; path = WalletsDataViewModel.swift; sourceTree = "<group>"; };
		75D626ED27B81CC6009EF614 /* DataFetcher.swift */ = {isa = PBXFileReference; lastKnownFileType = sourcecode.swift; path = DataFetcher.swift; sourceTree = "<group>"; };
		75D626EF27B81E15009EF614 /* WalletsTests.swift */ = {isa = PBXFileReference; lastKnownFileType = sourcecode.swift; path = WalletsTests.swift; sourceTree = "<group>"; };
		75D626F127B848D9009EF614 /* KryptoView.swift */ = {isa = PBXFileReference; lastKnownFileType = sourcecode.swift; path = KryptoView.swift; sourceTree = "<group>"; };
		75D626F327B854F5009EF614 /* WalletsTableViewCell.swift */ = {isa = PBXFileReference; lastKnownFileType = sourcecode.swift; path = WalletsTableViewCell.swift; sourceTree = "<group>"; };
		75D626F627B857B4009EF614 /* Coordinator.swift */ = {isa = PBXFileReference; lastKnownFileType = sourcecode.swift; path = Coordinator.swift; sourceTree = "<group>"; };
		75D626F827B857D2009EF614 /* WalletsCoordinator.swift */ = {isa = PBXFileReference; lastKnownFileType = sourcecode.swift; path = WalletsCoordinator.swift; sourceTree = "<group>"; };
		75D626FD27B85D4B009EF614 /* HomeViewController.swift */ = {isa = PBXFileReference; lastKnownFileType = sourcecode.swift; path = HomeViewController.swift; sourceTree = "<group>"; };
		75D626FF27B92F31009EF614 /* WalletDetailsViewController.swift */ = {isa = PBXFileReference; lastKnownFileType = sourcecode.swift; path = WalletDetailsViewController.swift; sourceTree = "<group>"; };
		75D6270127B93710009EF614 /* CommonWalletCollectionViewCell.swift */ = {isa = PBXFileReference; lastKnownFileType = sourcecode.swift; path = CommonWalletCollectionViewCell.swift; sourceTree = "<group>"; };
		75D6270327B9398A009EF614 /* CommonWalletModel.swift */ = {isa = PBXFileReference; lastKnownFileType = sourcecode.swift; path = CommonWalletModel.swift; sourceTree = "<group>"; };
		75D6270527B964E8009EF614 /* FiatWallerCollectionViewCell.swift */ = {isa = PBXFileReference; lastKnownFileType = sourcecode.swift; path = FiatWallerCollectionViewCell.swift; sourceTree = "<group>"; };
		75EC7C0727B6D702003D2DFA /* WalletViewController.swift */ = {isa = PBXFileReference; lastKnownFileType = sourcecode.swift; path = WalletViewController.swift; sourceTree = "<group>"; };
/* End PBXFileReference section */

/* Begin PBXFrameworksBuildPhase section */
		752030C027B563BF00540462 /* Frameworks */ = {
			isa = PBXFrameworksBuildPhase;
			buildActionMask = 2147483647;
			files = (
				7520312F27B5C17B00540462 /* SDWebImageSVGCoder in Frameworks */,
			);
			runOnlyForDeploymentPostprocessing = 0;
		};
		752030D627B563C000540462 /* Frameworks */ = {
			isa = PBXFrameworksBuildPhase;
			buildActionMask = 2147483647;
			files = (
			);
			runOnlyForDeploymentPostprocessing = 0;
		};
/* End PBXFrameworksBuildPhase section */

/* Begin PBXGroup section */
		752030BA27B563BF00540462 = {
			isa = PBXGroup;
			children = (
				752030C527B563BF00540462 /* KriptoNite */,
				752030DC27B563C000540462 /* KriptoNiteTests */,
				752030C427B563BF00540462 /* Products */,
			);
			sourceTree = "<group>";
		};
		752030C427B563BF00540462 /* Products */ = {
			isa = PBXGroup;
			children = (
				752030C327B563BF00540462 /* KriptoNite.app */,
				752030D927B563C000540462 /* KriptoNiteTests.xctest */,
			);
			name = Products;
			sourceTree = "<group>";
		};
		752030C527B563BF00540462 /* KriptoNite */ = {
			isa = PBXGroup;
			children = (
				75D626F527B857AA009EF614 /* Coordinator */,
				7520313127B5CBE800540462 /* Extensions */,
				7520311B27B5A58200540462 /* Protocols */,
				7520311827B5870E00540462 /* View */,
				752030FF27B5696F00540462 /* Model */,
				752030FC27B5682800540462 /* ViewModel */,
				752030F627B563E100540462 /* Resources */,
				752030C627B563C000540462 /* AppDelegate.swift */,
				752030CF27B563C000540462 /* Assets.xcassets */,
				752030D127B563C000540462 /* LaunchScreen.storyboard */,
			);
			path = KriptoNite;
			sourceTree = "<group>";
		};
		752030DC27B563C000540462 /* KriptoNiteTests */ = {
			isa = PBXGroup;
			children = (
				752030DD27B563C000540462 /* KriptoNiteTests.swift */,
				7520312327B5B17500540462 /* CriptosViewControllerTests.swift */,
				75D626EF27B81E15009EF614 /* WalletsTests.swift */,
			);
			path = KriptoNiteTests;
			sourceTree = "<group>";
		};
		752030F627B563E100540462 /* Resources */ = {
			isa = PBXGroup;
			children = (
				752030F727B563E900540462 /* Masterdata.json */,
				752030FA27B5664500540462 /* FileLoader.swift */,
				75D626ED27B81CC6009EF614 /* DataFetcher.swift */,
			);
			path = Resources;
			sourceTree = "<group>";
		};
		752030FC27B5682800540462 /* ViewModel */ = {
			isa = PBXGroup;
			children = (
				752030FD27B5683E00540462 /* CriptosDataViewModel.swift */,
				75D626EB27B81BEB009EF614 /* WalletsDataViewModel.swift */,
			);
			path = ViewModel;
			sourceTree = "<group>";
		};
		752030FF27B5696F00540462 /* Model */ = {
			isa = PBXGroup;
			children = (
				7520310027B569BB00540462 /* MasterDataModel.swift */,
				7520310227B5773400540462 /* MainDataModel.swift */,
				7520310427B5788000540462 /* CriptoAttributesModel.swift */,
				7520310627B5791D00540462 /* CriptoModel.swift */,
				7520310A27B57B4A00540462 /* AttributesModel.swift */,
				7520311027B5820600540462 /* WalletModel.swift */,
				7520311227B5822B00540462 /* WalletAttributesModel.swift */,
				7520311427B5832400540462 /* FiatWalletAttributesModel.swift */,
				7520311627B5835900540462 /* FiatWalletModel.swift */,
				75D6270327B9398A009EF614 /* CommonWalletModel.swift */,
			);
			path = Model;
			sourceTree = "<group>";
		};
		7520311827B5870E00540462 /* View */ = {
			isa = PBXGroup;
			children = (
				75D626FC27B85D3D009EF614 /* Home */,
				75D626FB27B85D31009EF614 /* Wallets */,
				75D626FA27B85D26009EF614 /* Criptos */,
			);
			path = View;
			sourceTree = "<group>";
		};
		7520311B27B5A58200540462 /* Protocols */ = {
			isa = PBXGroup;
			children = (
				7520311C27B5A59300540462 /* CriptosViewProtocol.swift */,
				7520311E27B5A5D500540462 /* CriptosViewModelProtocol.swift */,
				7567C23227B8137C00531E93 /* WalletsViewModelProtocol.swift */,
			);
			path = Protocols;
			sourceTree = "<group>";
		};
		7520313127B5CBE800540462 /* Extensions */ = {
			isa = PBXGroup;
			children = (
				7520313227B5CBF600540462 /* String+Extensions.swift */,
			);
			path = Extensions;
			sourceTree = "<group>";
		};
		75D626F527B857AA009EF614 /* Coordinator */ = {
			isa = PBXGroup;
			children = (
				75D626F627B857B4009EF614 /* Coordinator.swift */,
				75D626F827B857D2009EF614 /* WalletsCoordinator.swift */,
			);
			path = Coordinator;
			sourceTree = "<group>";
		};
		75D626FA27B85D26009EF614 /* Criptos */ = {
			isa = PBXGroup;
			children = (
				752030CA27B563C000540462 /* CriptosViewController.swift */,
				7520312527B5B8D800540462 /* CriptoTableViewCell.swift */,
			);
			path = Criptos;
			sourceTree = "<group>";
		};
		75D626FB27B85D31009EF614 /* Wallets */ = {
			isa = PBXGroup;
			children = (
				75EC7C0727B6D702003D2DFA /* WalletViewController.swift */,
				75D626F127B848D9009EF614 /* KryptoView.swift */,
				75D626F327B854F5009EF614 /* WalletsTableViewCell.swift */,
				75D626FF27B92F31009EF614 /* WalletDetailsViewController.swift */,
				75D6270127B93710009EF614 /* CommonWalletCollectionViewCell.swift */,
				75D6270527B964E8009EF614 /* FiatWallerCollectionViewCell.swift */,
			);
			path = Wallets;
			sourceTree = "<group>";
		};
		75D626FC27B85D3D009EF614 /* Home */ = {
			isa = PBXGroup;
			children = (
				75D626FD27B85D4B009EF614 /* HomeViewController.swift */,
			);
			path = Home;
			sourceTree = "<group>";
		};
/* End PBXGroup section */

/* Begin PBXNativeTarget section */
		752030C227B563BF00540462 /* KriptoNite */ = {
			isa = PBXNativeTarget;
			buildConfigurationList = 752030ED27B563C000540462 /* Build configuration list for PBXNativeTarget "KriptoNite" */;
			buildPhases = (
				752030BF27B563BF00540462 /* Sources */,
				752030C027B563BF00540462 /* Frameworks */,
				752030C127B563BF00540462 /* Resources */,
			);
			buildRules = (
			);
			dependencies = (
			);
			name = KriptoNite;
			packageProductDependencies = (
				7520312E27B5C17B00540462 /* SDWebImageSVGCoder */,
			);
			productName = KriptoNite;
			productReference = 752030C327B563BF00540462 /* KriptoNite.app */;
			productType = "com.apple.product-type.application";
		};
		752030D827B563C000540462 /* KriptoNiteTests */ = {
			isa = PBXNativeTarget;
			buildConfigurationList = 752030F027B563C000540462 /* Build configuration list for PBXNativeTarget "KriptoNiteTests" */;
			buildPhases = (
				752030D527B563C000540462 /* Sources */,
				752030D627B563C000540462 /* Frameworks */,
				752030D727B563C000540462 /* Resources */,
			);
			buildRules = (
			);
			dependencies = (
				752030DB27B563C000540462 /* PBXTargetDependency */,
			);
			name = KriptoNiteTests;
			productName = KriptoNiteTests;
			productReference = 752030D927B563C000540462 /* KriptoNiteTests.xctest */;
			productType = "com.apple.product-type.bundle.unit-test";
		};
/* End PBXNativeTarget section */

/* Begin PBXProject section */
		752030BB27B563BF00540462 /* Project object */ = {
			isa = PBXProject;
			attributes = {
				BuildIndependentTargetsInParallel = 1;
				LastSwiftUpdateCheck = 1320;
				LastUpgradeCheck = 1320;
				TargetAttributes = {
					752030C227B563BF00540462 = {
						CreatedOnToolsVersion = 13.2.1;
					};
					752030D827B563C000540462 = {
						CreatedOnToolsVersion = 13.2.1;
						TestTargetID = 752030C227B563BF00540462;
					};
				};
			};
			buildConfigurationList = 752030BE27B563BF00540462 /* Build configuration list for PBXProject "KriptoNite" */;
			compatibilityVersion = "Xcode 13.0";
			developmentRegion = en;
			hasScannedForEncodings = 0;
			knownRegions = (
				en,
				Base,
			);
			mainGroup = 752030BA27B563BF00540462;
			packageReferences = (
				7520312D27B5C17A00540462 /* XCRemoteSwiftPackageReference "SDWebImageSVGCoder" */,
			);
			productRefGroup = 752030C427B563BF00540462 /* Products */;
			projectDirPath = "";
			projectRoot = "";
			targets = (
				752030C227B563BF00540462 /* KriptoNite */,
				752030D827B563C000540462 /* KriptoNiteTests */,
			);
		};
/* End PBXProject section */

/* Begin PBXResourcesBuildPhase section */
		752030C127B563BF00540462 /* Resources */ = {
			isa = PBXResourcesBuildPhase;
			buildActionMask = 2147483647;
			files = (
				752030F827B563E900540462 /* Masterdata.json in Resources */,
				752030D327B563C000540462 /* LaunchScreen.storyboard in Resources */,
				752030D027B563C000540462 /* Assets.xcassets in Resources */,
			);
			runOnlyForDeploymentPostprocessing = 0;
		};
		752030D727B563C000540462 /* Resources */ = {
			isa = PBXResourcesBuildPhase;
			buildActionMask = 2147483647;
			files = (
			);
			runOnlyForDeploymentPostprocessing = 0;
		};
/* End PBXResourcesBuildPhase section */

/* Begin PBXSourcesBuildPhase section */
		752030BF27B563BF00540462 /* Sources */ = {
			isa = PBXSourcesBuildPhase;
			buildActionMask = 2147483647;
			files = (
				7520310527B5788000540462 /* CriptoAttributesModel.swift in Sources */,
				75D626EE27B81CC6009EF614 /* DataFetcher.swift in Sources */,
				75D626F727B857B4009EF614 /* Coordinator.swift in Sources */,
				752030FE27B5683E00540462 /* CriptosDataViewModel.swift in Sources */,
				7520310B27B57B4A00540462 /* AttributesModel.swift in Sources */,
				752030CB27B563C000540462 /* CriptosViewController.swift in Sources */,
				7520313327B5CBF600540462 /* String+Extensions.swift in Sources */,
				75EC7C0827B6D702003D2DFA /* WalletViewController.swift in Sources */,
				75D626F927B857D2009EF614 /* WalletsCoordinator.swift in Sources */,
				75D6270027B92F31009EF614 /* WalletDetailsViewController.swift in Sources */,
				7520311F27B5A5D500540462 /* CriptosViewModelProtocol.swift in Sources */,
				75D6270627B964E8009EF614 /* FiatWallerCollectionViewCell.swift in Sources */,
				7520310727B5791D00540462 /* CriptoModel.swift in Sources */,
				75D626FE27B85D4B009EF614 /* HomeViewController.swift in Sources */,
				75D6270227B93710009EF614 /* CommonWalletCollectionViewCell.swift in Sources */,
				7520312627B5B8D800540462 /* CriptoTableViewCell.swift in Sources */,
				75D626F227B848D9009EF614 /* KryptoView.swift in Sources */,
				7520311527B5832400540462 /* FiatWalletAttributesModel.swift in Sources */,
				7520310327B5773400540462 /* MainDataModel.swift in Sources */,
				7520311327B5822B00540462 /* WalletAttributesModel.swift in Sources */,
				7520311127B5820600540462 /* WalletModel.swift in Sources */,
				75D6270427B9398A009EF614 /* CommonWalletModel.swift in Sources */,
				752030C727B563C000540462 /* AppDelegate.swift in Sources */,
				75D626EC27B81BEB009EF614 /* WalletsDataViewModel.swift in Sources */,
				7520310127B569BB00540462 /* MasterDataModel.swift in Sources */,
				752030FB27B5664500540462 /* FileLoader.swift in Sources */,
				7520311727B5835900540462 /* FiatWalletModel.swift in Sources */,
				7520311D27B5A59300540462 /* CriptosViewProtocol.swift in Sources */,
				7567C23327B8137C00531E93 /* WalletsViewModelProtocol.swift in Sources */,
				75D626F427B854F5009EF614 /* WalletsTableViewCell.swift in Sources */,
			);
			runOnlyForDeploymentPostprocessing = 0;
		};
		752030D527B563C000540462 /* Sources */ = {
			isa = PBXSourcesBuildPhase;
			buildActionMask = 2147483647;
			files = (
				75D626F027B81E15009EF614 /* WalletsTests.swift in Sources */,
				7520312427B5B17500540462 /* CriptosViewControllerTests.swift in Sources */,
				752030DE27B563C000540462 /* KriptoNiteTests.swift in Sources */,
			);
			runOnlyForDeploymentPostprocessing = 0;
		};
/* End PBXSourcesBuildPhase section */

/* Begin PBXTargetDependency section */
		752030DB27B563C000540462 /* PBXTargetDependency */ = {
			isa = PBXTargetDependency;
			target = 752030C227B563BF00540462 /* KriptoNite */;
			targetProxy = 752030DA27B563C000540462 /* PBXContainerItemProxy */;
		};
/* End PBXTargetDependency section */

/* Begin PBXVariantGroup section */
		752030D127B563C000540462 /* LaunchScreen.storyboard */ = {
			isa = PBXVariantGroup;
			children = (
				752030D227B563C000540462 /* Base */,
			);
			name = LaunchScreen.storyboard;
			sourceTree = "<group>";
		};
/* End PBXVariantGroup section */

/* Begin XCBuildConfiguration section */
		752030EB27B563C000540462 /* Debug */ = {
			isa = XCBuildConfiguration;
			buildSettings = {
				ALWAYS_SEARCH_USER_PATHS = NO;
				CLANG_ANALYZER_NONNULL = YES;
				CLANG_ANALYZER_NUMBER_OBJECT_CONVERSION = YES_AGGRESSIVE;
				CLANG_CXX_LANGUAGE_STANDARD = "gnu++17";
				CLANG_CXX_LIBRARY = "libc++";
				CLANG_ENABLE_MODULES = YES;
				CLANG_ENABLE_OBJC_ARC = YES;
				CLANG_ENABLE_OBJC_WEAK = YES;
				CLANG_WARN_BLOCK_CAPTURE_AUTORELEASING = YES;
				CLANG_WARN_BOOL_CONVERSION = YES;
				CLANG_WARN_COMMA = YES;
				CLANG_WARN_CONSTANT_CONVERSION = YES;
				CLANG_WARN_DEPRECATED_OBJC_IMPLEMENTATIONS = YES;
				CLANG_WARN_DIRECT_OBJC_ISA_USAGE = YES_ERROR;
				CLANG_WARN_DOCUMENTATION_COMMENTS = YES;
				CLANG_WARN_EMPTY_BODY = YES;
				CLANG_WARN_ENUM_CONVERSION = YES;
				CLANG_WARN_INFINITE_RECURSION = YES;
				CLANG_WARN_INT_CONVERSION = YES;
				CLANG_WARN_NON_LITERAL_NULL_CONVERSION = YES;
				CLANG_WARN_OBJC_IMPLICIT_RETAIN_SELF = YES;
				CLANG_WARN_OBJC_LITERAL_CONVERSION = YES;
				CLANG_WARN_OBJC_ROOT_CLASS = YES_ERROR;
				CLANG_WARN_QUOTED_INCLUDE_IN_FRAMEWORK_HEADER = YES;
				CLANG_WARN_RANGE_LOOP_ANALYSIS = YES;
				CLANG_WARN_STRICT_PROTOTYPES = YES;
				CLANG_WARN_SUSPICIOUS_MOVE = YES;
				CLANG_WARN_UNGUARDED_AVAILABILITY = YES_AGGRESSIVE;
				CLANG_WARN_UNREACHABLE_CODE = YES;
				CLANG_WARN__DUPLICATE_METHOD_MATCH = YES;
				COPY_PHASE_STRIP = NO;
				DEBUG_INFORMATION_FORMAT = dwarf;
				ENABLE_STRICT_OBJC_MSGSEND = YES;
				ENABLE_TESTABILITY = YES;
				GCC_C_LANGUAGE_STANDARD = gnu11;
				GCC_DYNAMIC_NO_PIC = NO;
				GCC_NO_COMMON_BLOCKS = YES;
				GCC_OPTIMIZATION_LEVEL = 0;
				GCC_PREPROCESSOR_DEFINITIONS = (
					"DEBUG=1",
					"$(inherited)",
				);
				GCC_WARN_64_TO_32_BIT_CONVERSION = YES;
				GCC_WARN_ABOUT_RETURN_TYPE = YES_ERROR;
				GCC_WARN_UNDECLARED_SELECTOR = YES;
				GCC_WARN_UNINITIALIZED_AUTOS = YES_AGGRESSIVE;
				GCC_WARN_UNUSED_FUNCTION = YES;
				GCC_WARN_UNUSED_VARIABLE = YES;
				IPHONEOS_DEPLOYMENT_TARGET = 15.2;
				MTL_ENABLE_DEBUG_INFO = INCLUDE_SOURCE;
				MTL_FAST_MATH = YES;
				ONLY_ACTIVE_ARCH = YES;
				SDKROOT = iphoneos;
				SWIFT_ACTIVE_COMPILATION_CONDITIONS = DEBUG;
				SWIFT_OPTIMIZATION_LEVEL = "-Onone";
			};
			name = Debug;
		};
		752030EC27B563C000540462 /* Release */ = {
			isa = XCBuildConfiguration;
			buildSettings = {
				ALWAYS_SEARCH_USER_PATHS = NO;
				CLANG_ANALYZER_NONNULL = YES;
				CLANG_ANALYZER_NUMBER_OBJECT_CONVERSION = YES_AGGRESSIVE;
				CLANG_CXX_LANGUAGE_STANDARD = "gnu++17";
				CLANG_CXX_LIBRARY = "libc++";
				CLANG_ENABLE_MODULES = YES;
				CLANG_ENABLE_OBJC_ARC = YES;
				CLANG_ENABLE_OBJC_WEAK = YES;
				CLANG_WARN_BLOCK_CAPTURE_AUTORELEASING = YES;
				CLANG_WARN_BOOL_CONVERSION = YES;
				CLANG_WARN_COMMA = YES;
				CLANG_WARN_CONSTANT_CONVERSION = YES;
				CLANG_WARN_DEPRECATED_OBJC_IMPLEMENTATIONS = YES;
				CLANG_WARN_DIRECT_OBJC_ISA_USAGE = YES_ERROR;
				CLANG_WARN_DOCUMENTATION_COMMENTS = YES;
				CLANG_WARN_EMPTY_BODY = YES;
				CLANG_WARN_ENUM_CONVERSION = YES;
				CLANG_WARN_INFINITE_RECURSION = YES;
				CLANG_WARN_INT_CONVERSION = YES;
				CLANG_WARN_NON_LITERAL_NULL_CONVERSION = YES;
				CLANG_WARN_OBJC_IMPLICIT_RETAIN_SELF = YES;
				CLANG_WARN_OBJC_LITERAL_CONVERSION = YES;
				CLANG_WARN_OBJC_ROOT_CLASS = YES_ERROR;
				CLANG_WARN_QUOTED_INCLUDE_IN_FRAMEWORK_HEADER = YES;
				CLANG_WARN_RANGE_LOOP_ANALYSIS = YES;
				CLANG_WARN_STRICT_PROTOTYPES = YES;
				CLANG_WARN_SUSPICIOUS_MOVE = YES;
				CLANG_WARN_UNGUARDED_AVAILABILITY = YES_AGGRESSIVE;
				CLANG_WARN_UNREACHABLE_CODE = YES;
				CLANG_WARN__DUPLICATE_METHOD_MATCH = YES;
				COPY_PHASE_STRIP = NO;
				DEBUG_INFORMATION_FORMAT = "dwarf-with-dsym";
				ENABLE_NS_ASSERTIONS = NO;
				ENABLE_STRICT_OBJC_MSGSEND = YES;
				GCC_C_LANGUAGE_STANDARD = gnu11;
				GCC_NO_COMMON_BLOCKS = YES;
				GCC_WARN_64_TO_32_BIT_CONVERSION = YES;
				GCC_WARN_ABOUT_RETURN_TYPE = YES_ERROR;
				GCC_WARN_UNDECLARED_SELECTOR = YES;
				GCC_WARN_UNINITIALIZED_AUTOS = YES_AGGRESSIVE;
				GCC_WARN_UNUSED_FUNCTION = YES;
				GCC_WARN_UNUSED_VARIABLE = YES;
				IPHONEOS_DEPLOYMENT_TARGET = 15.2;
				MTL_ENABLE_DEBUG_INFO = NO;
				MTL_FAST_MATH = YES;
				SDKROOT = iphoneos;
				SWIFT_COMPILATION_MODE = wholemodule;
				SWIFT_OPTIMIZATION_LEVEL = "-O";
				VALIDATE_PRODUCT = YES;
			};
			name = Release;
		};
		752030EE27B563C000540462 /* Debug */ = {
			isa = XCBuildConfiguration;
			buildSettings = {
				ASSETCATALOG_COMPILER_APPICON_NAME = AppIcon;
				ASSETCATALOG_COMPILER_GLOBAL_ACCENT_COLOR_NAME = AccentColor;
				CODE_SIGN_IDENTITY = "Apple Development";
				CODE_SIGN_STYLE = Automatic;
				CURRENT_PROJECT_VERSION = 1;
				DEVELOPMENT_TEAM = "";
				GENERATE_INFOPLIST_FILE = YES;
				INFOPLIST_FILE = KriptoNite/Info.plist;
				INFOPLIST_KEY_UIApplicationSupportsIndirectInputEvents = YES;
				INFOPLIST_KEY_UILaunchStoryboardName = LaunchScreen;
				INFOPLIST_KEY_UISupportedInterfaceOrientations_iPad = "UIInterfaceOrientationPortrait UIInterfaceOrientationPortraitUpsideDown UIInterfaceOrientationLandscapeLeft UIInterfaceOrientationLandscapeRight";
				INFOPLIST_KEY_UISupportedInterfaceOrientations_iPhone = "UIInterfaceOrientationPortrait UIInterfaceOrientationLandscapeLeft UIInterfaceOrientationLandscapeRight";
				LD_RUNPATH_SEARCH_PATHS = (
					"$(inherited)",
					"@executable_path/Frameworks",
				);
				MARKETING_VERSION = 1.0;
				PRODUCT_BUNDLE_IDENTIFIER = nascimento.erik.KriptoNite;
				PRODUCT_NAME = "$(TARGET_NAME)";
				PROVISIONING_PROFILE_SPECIFIER = "";
				SWIFT_EMIT_LOC_STRINGS = YES;
				SWIFT_VERSION = 5.0;
				TARGETED_DEVICE_FAMILY = 1;
			};
			name = Debug;
		};
		752030EF27B563C000540462 /* Release */ = {
			isa = XCBuildConfiguration;
			buildSettings = {
				ASSETCATALOG_COMPILER_APPICON_NAME = AppIcon;
				ASSETCATALOG_COMPILER_GLOBAL_ACCENT_COLOR_NAME = AccentColor;
				CODE_SIGN_IDENTITY = "Apple Development";
				CODE_SIGN_STYLE = Automatic;
				CURRENT_PROJECT_VERSION = 1;
				DEVELOPMENT_TEAM = "";
				GENERATE_INFOPLIST_FILE = YES;
				INFOPLIST_FILE = KriptoNite/Info.plist;
				INFOPLIST_KEY_UIApplicationSupportsIndirectInputEvents = YES;
				INFOPLIST_KEY_UILaunchStoryboardName = LaunchScreen;
				INFOPLIST_KEY_UISupportedInterfaceOrientations_iPad = "UIInterfaceOrientationPortrait UIInterfaceOrientationPortraitUpsideDown UIInterfaceOrientationLandscapeLeft UIInterfaceOrientationLandscapeRight";
				INFOPLIST_KEY_UISupportedInterfaceOrientations_iPhone = "UIInterfaceOrientationPortrait UIInterfaceOrientationLandscapeLeft UIInterfaceOrientationLandscapeRight";
				LD_RUNPATH_SEARCH_PATHS = (
					"$(inherited)",
					"@executable_path/Frameworks",
				);
				MARKETING_VERSION = 1.0;
				PRODUCT_BUNDLE_IDENTIFIER = nascimento.erik.KriptoNite;
				PRODUCT_NAME = "$(TARGET_NAME)";
				PROVISIONING_PROFILE_SPECIFIER = "";
				SWIFT_EMIT_LOC_STRINGS = YES;
				SWIFT_VERSION = 5.0;
				TARGETED_DEVICE_FAMILY = 1;
			};
			name = Release;
		};
		752030F127B563C000540462 /* Debug */ = {
			isa = XCBuildConfiguration;
			buildSettings = {
				ALWAYS_EMBED_SWIFT_STANDARD_LIBRARIES = YES;
				BUNDLE_LOADER = "$(TEST_HOST)";
				CODE_SIGN_STYLE = Automatic;
				CURRENT_PROJECT_VERSION = 1;
				DEVELOPMENT_TEAM = MCCVY9872B;
				GENERATE_INFOPLIST_FILE = YES;
				IPHONEOS_DEPLOYMENT_TARGET = 15.2;
				MARKETING_VERSION = 1.0;
				PRODUCT_BUNDLE_IDENTIFIER = nascimento.erik.KriptoNiteTests;
				PRODUCT_NAME = "$(TARGET_NAME)";
				SWIFT_EMIT_LOC_STRINGS = NO;
				SWIFT_VERSION = 5.0;
				TARGETED_DEVICE_FAMILY = "1,2";
				TEST_HOST = "$(BUILT_PRODUCTS_DIR)/KriptoNite.app/KriptoNite";
			};
			name = Debug;
		};
		752030F227B563C000540462 /* Release */ = {
			isa = XCBuildConfiguration;
			buildSettings = {
				ALWAYS_EMBED_SWIFT_STANDARD_LIBRARIES = YES;
				BUNDLE_LOADER = "$(TEST_HOST)";
				CODE_SIGN_STYLE = Automatic;
				CURRENT_PROJECT_VERSION = 1;
				DEVELOPMENT_TEAM = MCCVY9872B;
				GENERATE_INFOPLIST_FILE = YES;
				IPHONEOS_DEPLOYMENT_TARGET = 15.2;
				MARKETING_VERSION = 1.0;
				PRODUCT_BUNDLE_IDENTIFIER = nascimento.erik.KriptoNiteTests;
				PRODUCT_NAME = "$(TARGET_NAME)";
				SWIFT_EMIT_LOC_STRINGS = NO;
				SWIFT_VERSION = 5.0;
				TARGETED_DEVICE_FAMILY = "1,2";
				TEST_HOST = "$(BUILT_PRODUCTS_DIR)/KriptoNite.app/KriptoNite";
			};
			name = Release;
		};
/* End XCBuildConfiguration section */

/* Begin XCConfigurationList section */
		752030BE27B563BF00540462 /* Build configuration list for PBXProject "KriptoNite" */ = {
			isa = XCConfigurationList;
			buildConfigurations = (
				752030EB27B563C000540462 /* Debug */,
				752030EC27B563C000540462 /* Release */,
			);
			defaultConfigurationIsVisible = 0;
			defaultConfigurationName = Release;
		};
		752030ED27B563C000540462 /* Build configuration list for PBXNativeTarget "KriptoNite" */ = {
			isa = XCConfigurationList;
			buildConfigurations = (
				752030EE27B563C000540462 /* Debug */,
				752030EF27B563C000540462 /* Release */,
			);
			defaultConfigurationIsVisible = 0;
			defaultConfigurationName = Release;
		};
		752030F027B563C000540462 /* Build configuration list for PBXNativeTarget "KriptoNiteTests" */ = {
			isa = XCConfigurationList;
			buildConfigurations = (
				752030F127B563C000540462 /* Debug */,
				752030F227B563C000540462 /* Release */,
			);
			defaultConfigurationIsVisible = 0;
			defaultConfigurationName = Release;
		};
/* End XCConfigurationList section */

/* Begin XCRemoteSwiftPackageReference section */
		7520312D27B5C17A00540462 /* XCRemoteSwiftPackageReference "SDWebImageSVGCoder" */ = {
			isa = XCRemoteSwiftPackageReference;
			repositoryURL = "https://github.com/SDWebImage/SDWebImageSVGCoder.git";
			requirement = {
				kind = upToNextMajorVersion;
				minimumVersion = 1.0.0;
			};
		};
/* End XCRemoteSwiftPackageReference section */

/* Begin XCSwiftPackageProductDependency section */
		7520312E27B5C17B00540462 /* SDWebImageSVGCoder */ = {
			isa = XCSwiftPackageProductDependency;
			package = 7520312D27B5C17A00540462 /* XCRemoteSwiftPackageReference "SDWebImageSVGCoder" */;
			productName = SDWebImageSVGCoder;
		};
/* End XCSwiftPackageProductDependency section */
	};
	rootObject = 752030BB27B563BF00540462 /* Project object */;
}
